
Microsoft Visual Studio Solution File, Format Version 12.00
# Visual Studio Version 16
VisualStudioVersion = 16.0.28803.202
MinimumVisualStudioVersion = 10.0.40219.1
Project("{FAE04EC0-301F-11D3-BF4B-00C04F79EFBC}") = "Class_s_Construct", "Class_s_Construct\Class_s_Construct.csproj", "{9DC7AC78-782C-43A2-8737-27EE1BF7658F}"
EndProject
Global
	GlobalSection(SolutionConfigurationPlatforms) = preSolution
		Debug|Any CPU = Debug|Any CPU
		Release|Any CPU = Release|Any CPU
	EndGlobalSection
	GlobalSection(ProjectConfigurationPlatforms) = postSolution
		{9DC7AC78-782C-43A2-8737-27EE1BF7658F}.Debug|Any CPU.ActiveCfg = Debug|Any CPU
		{9DC7AC78-782C-43A2-8737-27EE1BF7658F}.Debug|Any CPU.Build.0 = Debug|Any CPU
		{9DC7AC78-782C-43A2-8737-27EE1BF7658F}.Release|Any CPU.ActiveCfg = Release|Any CPU
		{9DC7AC78-782C-43A2-8737-27EE1BF7658F}.Release|Any CPU.Build.0 = Release|Any CPU
	EndGlobalSection
	GlobalSection(SolutionProperties) = preSolution
		HideSolutionNode = FALSE
	EndGlobalSection
	GlobalSection(ExtensibilityGlobals) = postSolution
		SolutionGuid = {9EED3EA1-F668-4BEB-8AE5-7AFCF6AF8619}
	EndGlobalSection
EndGlobal
